// !$*UTF8*$!
{
	archiveVersion = 1;
	classes = {
	};
	objectVersion = 48;
	objects = {

/* Begin PBXBuildFile section */
		C433778B244F6642009F4CD4 /* AppDelegate.m in Sources */ = {isa = PBXBuildFile; fileRef = C433778A244F6642009F4CD4 /* AppDelegate.m */; };
		C433778E244F6642009F4CD4 /* ViewController.m in Sources */ = {isa = PBXBuildFile; fileRef = C433778D244F6642009F4CD4 /* ViewController.m */; };
		C4337791244F6642009F4CD4 /* Main.storyboard in Resources */ = {isa = PBXBuildFile; fileRef = C433778F244F6642009F4CD4 /* Main.storyboard */; };
		C4337793244F6642009F4CD4 /* Assets.xcassets in Resources */ = {isa = PBXBuildFile; fileRef = C4337792244F6642009F4CD4 /* Assets.xcassets */; };
		C4337796244F6642009F4CD4 /* LaunchScreen.storyboard in Resources */ = {isa = PBXBuildFile; fileRef = C4337794244F6642009F4CD4 /* LaunchScreen.storyboard */; };
		C4337799244F6642009F4CD4 /* main.m in Sources */ = {isa = PBXBuildFile; fileRef = C4337798244F6642009F4CD4 /* main.m */; };
/* End PBXBuildFile section */

/* Begin PBXFileReference section */
		C4337786244F6642009F4CD4 /* StringsBasic.app */ = {isa = PBXFileReference; explicitFileType = wrapper.application; includeInIndex = 0; path = StringsBasic.app; sourceTree = BUILT_PRODUCTS_DIR; };
		C4337789244F6642009F4CD4 /* AppDelegate.h */ = {isa = PBXFileReference; lastKnownFileType = sourcecode.c.h; path = AppDelegate.h; sourceTree = "<group>"; };
		C433778A244F6642009F4CD4 /* AppDelegate.m */ = {isa = PBXFileReference; lastKnownFileType = sourcecode.c.objc; path = AppDelegate.m; sourceTree = "<group>"; };
		C433778C244F6642009F4CD4 /* ViewController.h */ = {isa = PBXFileReference; lastKnownFileType = sourcecode.c.h; path = ViewController.h; sourceTree = "<group>"; };
		C433778D244F6642009F4CD4 /* ViewController.m */ = {isa = PBXFileReference; lastKnownFileType = sourcecode.c.objc; path = ViewController.m; sourceTree = "<group>"; };
		C4337790244F6642009F4CD4 /* Base */ = {isa = PBXFileReference; lastKnownFileType = file.storyboard; name = Base; path = Base.lproj/Main.storyboard; sourceTree = "<group>"; };
		C4337792244F6642009F4CD4 /* Assets.xcassets */ = {isa = PBXFileReference; lastKnownFileType = folder.assetcatalog; path = Assets.xcassets; sourceTree = "<group>"; };
		C4337795244F6642009F4CD4 /* Base */ = {isa = PBXFileReference; lastKnownFileType = file.storyboard; name = Base; path = Base.lproj/LaunchScreen.storyboard; sourceTree = "<group>"; };
		C4337797244F6642009F4CD4 /* Info.plist */ = {isa = PBXFileReference; lastKnownFileType = text.plist.xml; path = Info.plist; sourceTree = "<group>"; };
		C4337798244F6642009F4CD4 /* main.m */ = {isa = PBXFileReference; lastKnownFileType = sourcecode.c.objc; path = main.m; sourceTree = "<group>"; };
/* End PBXFileReference section */

/* Begin PBXFrameworksBuildPhase section */
		C4337783244F6642009F4CD4 /* Frameworks */ = {
			isa = PBXFrameworksBuildPhase;
			buildActionMask = 2147483647;
			files = (
			);
			runOnlyForDeploymentPostprocessing = 0;
		};
/* End PBXFrameworksBuildPhase section */

/* Begin PBXGroup section */
		C433777D244F6642009F4CD4 = {
			isa = PBXGroup;
			children = (
				C4337788244F6642009F4CD4 /* StringsBasic */,
				C4337787244F6642009F4CD4 /* Products */,
			);
			sourceTree = "<group>";
		};
		C4337787244F6642009F4CD4 /* Products */ = {
			isa = PBXGroup;
			children = (
				C4337786244F6642009F4CD4 /* StringsBasic.app */,
			);
			name = Products;
			sourceTree = "<group>";
		};
		C4337788244F6642009F4CD4 /* StringsBasic */ = {
			isa = PBXGroup;
			children = (
				C4337789244F6642009F4CD4 /* AppDelegate.h */,
				C433778A244F6642009F4CD4 /* AppDelegate.m */,
				C433778C244F6642009F4CD4 /* ViewController.h */,
				C433778D244F6642009F4CD4 /* ViewController.m */,
				C433778F244F6642009F4CD4 /* Main.storyboard */,
				C4337792244F6642009F4CD4 /* Assets.xcassets */,
				C4337794244F6642009F4CD4 /* LaunchScreen.storyboard */,
				C4337797244F6642009F4CD4 /* Info.plist */,
				C4337798244F6642009F4CD4 /* main.m */,
			);
			path = StringsBasic;
			sourceTree = "<group>";
		};
/* End PBXGroup section */

/* Begin PBXNativeTarget section */
		C4337785244F6642009F4CD4 /* StringsBasic */ = {
			isa = PBXNativeTarget;
			buildConfigurationList = C433779C244F6642009F4CD4 /* Build configuration list for PBXNativeTarget "StringsBasic" */;
			buildPhases = (
				C4337782244F6642009F4CD4 /* Sources */,
				C4337783244F6642009F4CD4 /* Frameworks */,
				C4337784244F6642009F4CD4 /* Resources */,
			);
			buildRules = (
			);
			dependencies = (
			);
			name = StringsBasic;
			productName = StringsBasic;
			productReference = C4337786244F6642009F4CD4 /* StringsBasic.app */;
			productType = "com.apple.product-type.application";
		};
/* End PBXNativeTarget section */

/* Begin PBXProject section */
		C433777E244F6642009F4CD4 /* Project object */ = {
			isa = PBXProject;
			attributes = {
				LastUpgradeCheck = 0900;
				ORGANIZATIONNAME = Prashant;
				TargetAttributes = {
					C4337785244F6642009F4CD4 = {
						CreatedOnToolsVersion = 9.0.1;
						ProvisioningStyle = Automatic;
					};
				};
			};
			buildConfigurationList = C4337781244F6642009F4CD4 /* Build configuration list for PBXProject "StringsBasic" */;
			compatibilityVersion = "Xcode 8.0";
			developmentRegion = en;
			hasScannedForEncodings = 0;
			knownRegions = (
				en,
				Base,
			);
			mainGroup = C433777D244F6642009F4CD4;
			productRefGroup = C4337787244F6642009F4CD4 /* Products */;
			projectDirPath = "";
			projectRoot = "";
			targets = (
				C4337785244F6642009F4CD4 /* StringsBasic */,
			);
		};
/* End PBXProject section */

/* Begin PBXResourcesBuildPhase section */
		C4337784244F6642009F4CD4 /* Resources */ = {
			isa = PBXResourcesBuildPhase;
			buildActionMask = 2147483647;
			files = (
				C4337796244F6642009F4CD4 /* LaunchScreen.storyboard in Resources */,
				C4337793244F6642009F4CD4 /* Assets.xcassets in Resources */,
				C4337791244F6642009F4CD4 /* Main.storyboard in Resources */,
			);
			runOnlyForDeploymentPostprocessing = 0;
		};
/* End PBXResourcesBuildPhase section */

/* Begin PBXSourcesBuildPhase section */
		C4337782244F6642009F4CD4 /* Sources */ = {
			isa = PBXSourcesBuildPhase;
			buildActionMask = 2147483647;
			files = (
				C433778E244F6642009F4CD4 /* ViewController.m in Sources */,
				C4337799244F6642009F4CD4 /* main.m in Sources */,
				C433778B244F6642009F4CD4 /* AppDelegate.m in Sources */,
			);
			runOnlyForDeploymentPostprocessing = 0;
		};
/* End PBXSourcesBuildPhase section */

/* Begin PBXVariantGroup section */
		C433778F244F6642009F4CD4 /* Main.storyboard */ = {
			isa = PBXVariantGroup;
			children = (
				C4337790244F6642009F4CD4 /* Base */,
			);
			name = Main.storyboard;
			sourceTree = "<group>";
		};
		C4337794244F6642009F4CD4 /* LaunchScreen.storyboard */ = {
			isa = PBXVariantGroup;
			children = (
				C4337795244F6642009F4CD4 /* Base */,
			);
			name = LaunchScreen.storyboard;
			sourceTree = "<group>";
		};
/* End PBXVariantGroup section */

/* Begin XCBuildConfiguration section */
		C433779A244F6642009F4CD4 /* Debug */ = {
			isa = XCBuildConfiguration;
			buildSettings = {
				ALWAYS_SEARCH_USER_PATHS = NO;
				CLANG_ANALYZER_NONNULL = YES;
				CLANG_ANALYZER_NUMBER_OBJECT_CONVERSION = YES_AGGRESSIVE;
				CLANG_CXX_LANGUAGE_STANDARD = "gnu++14";
				CLANG_CXX_LIBRARY = "libc++";
				CLANG_ENABLE_MODULES = YES;
				CLANG_ENABLE_OBJC_ARC = YES;
				CLANG_WARN_BLOCK_CAPTURE_AUTORELEASING = YES;
				CLANG_WARN_BOOL_CONVERSION = YES;
				CLANG_WARN_COMMA = YES;
				CLANG_WARN_CONSTANT_CONVERSION = YES;
				CLANG_WARN_DIRECT_OBJC_ISA_USAGE = YES_ERROR;
				CLANG_WARN_DOCUMENTATION_COMMENTS = YES;
				CLANG_WARN_EMPTY_BODY = YES;
				CLANG_WARN_ENUM_CONVERSION = YES;
				CLANG_WARN_INFINITE_RECURSION = YES;
				CLANG_WARN_INT_CONVERSION = YES;
				CLANG_WARN_NON_LITERAL_NULL_CONVERSION = YES;
				CLANG_WARN_OBJC_LITERAL_CONVERSION = YES;
				CLANG_WARN_OBJC_ROOT_CLASS = YES_ERROR;
				CLANG_WARN_RANGE_LOOP_ANALYSIS = YES;
				CLANG_WARN_STRICT_PROTOTYPES = YES;
				CLANG_WARN_SUSPICIOUS_MOVE = YES;
				CLANG_WARN_UNGUARDED_AVAILABILITY = YES_AGGRESSIVE;
				CLANG_WARN_UNREACHABLE_CODE = YES;
				CLANG_WARN__DUPLICATE_METHOD_MATCH = YES;
				CODE_SIGN_IDENTITY = "iPhone Developer";
				COPY_PHASE_STRIP = NO;
				DEBUG_INFORMATION_FORMAT = dwarf;
				ENABLE_STRICT_OBJC_MSGSEND = YES;
				ENABLE_TESTABILITY = YES;
				GCC_C_LANGUAGE_STANDARD = gnu11;
				GCC_DYNAMIC_NO_PIC = NO;
				GCC_NO_COMMON_BLOCKS = YES;
				GCC_OPTIMIZATION_LEVEL = 0;
				GCC_PREPROCESSOR_DEFINITIONS = (
					"DEBUG=1",
					"$(inherited)",
				);
				GCC_WARN_64_TO_32_BIT_CONVERSION = YES;
				GCC_WARN_ABOUT_RETURN_TYPE = YES_ERROR;
				GCC_WARN_UNDECLARED_SELECTOR = YES;
				GCC_WARN_UNINITIALIZED_AUTOS = YES_AGGRESSIVE;
				GCC_WARN_UNUSED_FUNCTION = YES;
				GCC_WARN_UNUSED_VARIABLE = YES;
				IPHONEOS_DEPLOYMENT_TARGET = 11.0;
				MTL_ENABLE_DEBUG_INFO = YES;
				ONLY_ACTIVE_ARCH = YES;
				SDKROOT = iphoneos;
			};
			name = Debug;
		};
		C433779B244F6642009F4CD4 /* Release */ = {
			isa = XCBuildConfiguration;
			buildSettings = {
				ALWAYS_SEARCH_USER_PATHS = NO;
				CLANG_ANALYZER_NONNULL = YES;
				CLANG_ANALYZER_NUMBER_OBJECT_CONVERSION = YES_AGGRESSIVE;
				CLANG_CXX_LANGUAGE_STANDARD = "gnu++14";
				CLANG_CXX_LIBRARY = "libc++";
				CLANG_ENABLE_MODULES = YES;
				CLANG_ENABLE_OBJC_ARC = YES;
				CLANG_WARN_BLOCK_CAPTURE_AUTORELEASING = YES;
				CLANG_WARN_BOOL_CONVERSION = YES;
				CLANG_WARN_COMMA = YES;
				CLANG_WARN_CONSTANT_CONVERSION = YES;
				CLANG_WARN_DIRECT_OBJC_ISA_USAGE = YES_ERROR;
				CLANG_WARN_DOCUMENTATION_COMMENTS = YES;
				CLANG_WARN_EMPTY_BODY = YES;
				CLANG_WARN_ENUM_CONVERSION = YES;
				CLANG_WARN_INFINITE_RECURSION = YES;
				CLANG_WARN_INT_CONVERSION = YES;
				CLANG_WARN_NON_LITERAL_NULL_CONVERSION = YES;
				CLANG_WARN_OBJC_LITERAL_CONVERSION = YES;
				CLANG_WARN_OBJC_ROOT_CLASS = YES_ERROR;
				CLANG_WARN_RANGE_LOOP_ANALYSIS = YES;
				CLANG_WARN_STRICT_PROTOTYPES = YES;
				CLANG_WARN_SUSPICIOUS_MOVE = YES;
				CLANG_WARN_UNGUARDED_AVAILABILITY = YES_AGGRESSIVE;
				CLANG_WARN_UNREACHABLE_CODE = YES;
				CLANG_WARN__DUPLICATE_METHOD_MATCH = YES;
				CODE_SIGN_IDENTITY = "iPhone Developer";
				COPY_PHASE_STRIP = NO;
				DEBUG_INFORMATION_FORMAT = "dwarf-with-dsym";
				ENABLE_NS_ASSERTIONS = NO;
				ENABLE_STRICT_OBJC_MSGSEND = YES;
				GCC_C_LANGUAGE_STANDARD = gnu11;
				GCC_NO_COMMON_BLOCKS = YES;
				GCC_WARN_64_TO_32_BIT_CONVERSION = YES;
				GCC_WARN_ABOUT_RETURN_TYPE = YES_ERROR;
				GCC_WARN_UNDECLARED_SELECTOR = YES;
				GCC_WARN_UNINITIALIZED_AUTOS = YES_AGGRESSIVE;
				GCC_WARN_UNUSED_FUNCTION = YES;
				GCC_WARN_UNUSED_VARIABLE = YES;
				IPHONEOS_DEPLOYMENT_TARGET = 11.0;
				MTL_ENABLE_DEBUG_INFO = NO;
				SDKROOT = iphoneos;
				VALIDATE_PRODUCT = YES;
			};
			name = Release;
		};
		C433779D244F6642009F4CD4 /* Debug */ = {
			isa = XCBuildConfiguration;
			buildSettings = {
				ASSETCATALOG_COMPILER_APPICON_NAME = AppIcon;
				CODE_SIGN_STYLE = Automatic;
				INFOPLIST_FILE = StringsBasic/Info.plist;
				LD_RUNPATH_SEARCH_PATHS = "$(inherited) @executable_path/Frameworks";
				PRODUCT_BUNDLE_IDENTIFIER = Prashant.StringsBasic;
				PRODUCT_NAME = "$(TARGET_NAME)";
				TARGETED_DEVICE_FAMILY = "1,2";
			};
			name = Debug;
		};
		C433779E244F6642009F4CD4 /* Release */ = {
			isa = XCBuildConfiguration;
			buildSettings = {
				ASSETCATALOG_COMPILER_APPICON_NAME = AppIcon;
				CODE_SIGN_STYLE = Automatic;
				INFOPLIST_FILE = StringsBasic/Info.plist;
				LD_RUNPATH_SEARCH_PATHS = "$(inherited) @executable_path/Frameworks";
				PRODUCT_BUNDLE_IDENTIFIER = Prashant.StringsBasic;
				PRODUCT_NAME = "$(TARGET_NAME)";
				TARGETED_DEVICE_FAMILY = "1,2";
			};
			name = Release;
		};
/* End XCBuildConfiguration section */

/* Begin XCConfigurationList section */
		C4337781244F6642009F4CD4 /* Build configuration list for PBXProject "StringsBasic" */ = {
			isa = XCConfigurationList;
			buildConfigurations = (
				C433779A244F6642009F4CD4 /* Debug */,
				C433779B244F6642009F4CD4 /* Release */,
			);
			defaultConfigurationIsVisible = 0;
			defaultConfigurationName = Release;
		};
		C433779C244F6642009F4CD4 /* Build configuration list for PBXNativeTarget "StringsBasic" */ = {
			isa = XCConfigurationList;
			buildConfigurations = (
				C433779D244F6642009F4CD4 /* Debug */,
				C433779E244F6642009F4CD4 /* Release */,
			);
			defaultConfigurationIsVisible = 0;
			defaultConfigurationName = Release;
		};
/* End XCConfigurationList section */
	};
	rootObject = C433777E244F6642009F4CD4 /* Project object */;
}
